dependencies:
  espressif__qrcode:
    component_hash: null
    source:
      path: C:\Users\user\esp\my_projects\wifi_ledc\components\espressif__qrcode
      type: local
    version: 0.1.0~2
  idf:
    component_hash: null
    source:
      type: idf
    version: 5.2.2
manifest_hash: 95297edf601691e565a114026d699372fe13afbaa3b6c8fa602516c7a4353ee0
target: esp32
version: 1.0.0
